// !$*UTF8*$!
{
	archiveVersion = 1;
	classes = {
	};
	objectVersion = 50;
	objects = {

/* Begin PBXBuildFile section */
		47D6AD7F2380314D00980995 /* AppDelegate.swift in Sources */ = {isa = PBXBuildFile; fileRef = 47D6AD7E2380314D00980995 /* AppDelegate.swift */; };
		47D6AD812380314D00980995 /* SceneDelegate.swift in Sources */ = {isa = PBXBuildFile; fileRef = 47D6AD802380314D00980995 /* SceneDelegate.swift */; };
		47D6AD832380314D00980995 /* ContentView.swift in Sources */ = {isa = PBXBuildFile; fileRef = 47D6AD822380314D00980995 /* ContentView.swift */; };
		47D6AD852380314F00980995 /* Assets.xcassets in Resources */ = {isa = PBXBuildFile; fileRef = 47D6AD842380314F00980995 /* Assets.xcassets */; };
		47D6AD882380314F00980995 /* Preview Assets.xcassets in Resources */ = {isa = PBXBuildFile; fileRef = 47D6AD872380314F00980995 /* Preview Assets.xcassets */; };
		47D6AD8B2380314F00980995 /* LaunchScreen.storyboard in Resources */ = {isa = PBXBuildFile; fileRef = 47D6AD892380314F00980995 /* LaunchScreen.storyboard */; };
		47D6AD93238034D600980995 /* ChanelView.swift in Sources */ = {isa = PBXBuildFile; fileRef = 47D6AD92238034D600980995 /* ChanelView.swift */; };
		47D6AD9523803B4A00980995 /* VideoView.swift in Sources */ = {isa = PBXBuildFile; fileRef = 47D6AD9423803B4A00980995 /* VideoView.swift */; };
		47D6AD98238047E100980995 /* VideoModel.swift in Sources */ = {isa = PBXBuildFile; fileRef = 47D6AD97238047E100980995 /* VideoModel.swift */; };
		47D6AD9A23804BB000980995 /* ChanelData.swift in Sources */ = {isa = PBXBuildFile; fileRef = 47D6AD9923804BB000980995 /* ChanelData.swift */; };
/* End PBXBuildFile section */

/* Begin PBXFileReference section */
		47D6AD7B2380314D00980995 /* SwiftUIDataTransfer.app */ = {isa = PBXFileReference; explicitFileType = wrapper.application; includeInIndex = 0; path = SwiftUIDataTransfer.app; sourceTree = BUILT_PRODUCTS_DIR; };
		47D6AD7E2380314D00980995 /* AppDelegate.swift */ = {isa = PBXFileReference; lastKnownFileType = sourcecode.swift; path = AppDelegate.swift; sourceTree = "<group>"; };
		47D6AD802380314D00980995 /* SceneDelegate.swift */ = {isa = PBXFileReference; lastKnownFileType = sourcecode.swift; path = SceneDelegate.swift; sourceTree = "<group>"; };
		47D6AD822380314D00980995 /* ContentView.swift */ = {isa = PBXFileReference; lastKnownFileType = sourcecode.swift; path = ContentView.swift; sourceTree = "<group>"; };
		47D6AD842380314F00980995 /* Assets.xcassets */ = {isa = PBXFileReference; lastKnownFileType = folder.assetcatalog; path = Assets.xcassets; sourceTree = "<group>"; };
		47D6AD872380314F00980995 /* Preview Assets.xcassets */ = {isa = PBXFileReference; lastKnownFileType = folder.assetcatalog; path = "Preview Assets.xcassets"; sourceTree = "<group>"; };
		47D6AD8A2380314F00980995 /* Base */ = {isa = PBXFileReference; lastKnownFileType = file.storyboard; name = Base; path = Base.lproj/LaunchScreen.storyboard; sourceTree = "<group>"; };
		47D6AD8C2380314F00980995 /* Info.plist */ = {isa = PBXFileReference; lastKnownFileType = text.plist.xml; path = Info.plist; sourceTree = "<group>"; };
		47D6AD92238034D600980995 /* ChanelView.swift */ = {isa = PBXFileReference; lastKnownFileType = sourcecode.swift; path = ChanelView.swift; sourceTree = "<group>"; };
		47D6AD9423803B4A00980995 /* VideoView.swift */ = {isa = PBXFileReference; lastKnownFileType = sourcecode.swift; path = VideoView.swift; sourceTree = "<group>"; };
		47D6AD97238047E100980995 /* VideoModel.swift */ = {isa = PBXFileReference; lastKnownFileType = sourcecode.swift; path = VideoModel.swift; sourceTree = "<group>"; };
		47D6AD9923804BB000980995 /* ChanelData.swift */ = {isa = PBXFileReference; lastKnownFileType = sourcecode.swift; path = ChanelData.swift; sourceTree = "<group>"; };
/* End PBXFileReference section */

/* Begin PBXFrameworksBuildPhase section */
		47D6AD782380314D00980995 /* Frameworks */ = {
			isa = PBXFrameworksBuildPhase;
			buildActionMask = 2147483647;
			files = (
			);
			runOnlyForDeploymentPostprocessing = 0;
		};
/* End PBXFrameworksBuildPhase section */

/* Begin PBXGroup section */
		47D6AD722380314D00980995 = {
			isa = PBXGroup;
			children = (
				47D6AD7D2380314D00980995 /* SwiftUIDataTransfer */,
				47D6AD7C2380314D00980995 /* Products */,
			);
			sourceTree = "<group>";
		};
		47D6AD7C2380314D00980995 /* Products */ = {
			isa = PBXGroup;
			children = (
				47D6AD7B2380314D00980995 /* SwiftUIDataTransfer.app */,
			);
			name = Products;
			sourceTree = "<group>";
		};
		47D6AD7D2380314D00980995 /* SwiftUIDataTransfer */ = {
			isa = PBXGroup;
			children = (
				47D6AD7E2380314D00980995 /* AppDelegate.swift */,
				47D6AD802380314D00980995 /* SceneDelegate.swift */,
				47D6AD97238047E100980995 /* VideoModel.swift */,
				47D6AD9923804BB000980995 /* ChanelData.swift */,
				47D6AD962380475E00980995 /* Views */,
				47D6AD842380314F00980995 /* Assets.xcassets */,
				47D6AD892380314F00980995 /* LaunchScreen.storyboard */,
				47D6AD8C2380314F00980995 /* Info.plist */,
				47D6AD862380314F00980995 /* Preview Content */,
			);
			path = SwiftUIDataTransfer;
			sourceTree = "<group>";
		};
		47D6AD862380314F00980995 /* Preview Content */ = {
			isa = PBXGroup;
			children = (
				47D6AD872380314F00980995 /* Preview Assets.xcassets */,
			);
			path = "Preview Content";
			sourceTree = "<group>";
		};
		47D6AD962380475E00980995 /* Views */ = {
			isa = PBXGroup;
			children = (
				47D6AD822380314D00980995 /* ContentView.swift */,
				47D6AD9423803B4A00980995 /* VideoView.swift */,
				47D6AD92238034D600980995 /* ChanelView.swift */,
			);
			path = Views;
			sourceTree = "<group>";
		};
/* End PBXGroup section */

/* Begin PBXNativeTarget section */
		47D6AD7A2380314D00980995 /* SwiftUIDataTransfer */ = {
			isa = PBXNativeTarget;
			buildConfigurationList = 47D6AD8F2380314F00980995 /* Build configuration list for PBXNativeTarget "SwiftUIDataTransfer" */;
			buildPhases = (
				47D6AD772380314D00980995 /* Sources */,
				47D6AD782380314D00980995 /* Frameworks */,
				47D6AD792380314D00980995 /* Resources */,
			);
			buildRules = (
			);
			dependencies = (
			);
			name = SwiftUIDataTransfer;
			productName = SwiftUIDataTransfer;
			productReference = 47D6AD7B2380314D00980995 /* SwiftUIDataTransfer.app */;
			productType = "com.apple.product-type.application";
		};
/* End PBXNativeTarget section */

/* Begin PBXProject section */
		47D6AD732380314D00980995 /* Project object */ = {
			isa = PBXProject;
			attributes = {
				LastSwiftUpdateCheck = 1120;
				LastUpgradeCheck = 1120;
				ORGANIZATIONNAME = "Pavel Bondar";
				TargetAttributes = {
					47D6AD7A2380314D00980995 = {
						CreatedOnToolsVersion = 11.2.1;
					};
				};
			};
			buildConfigurationList = 47D6AD762380314D00980995 /* Build configuration list for PBXProject "SwiftUIDataTransfer" */;
			compatibilityVersion = "Xcode 9.3";
			developmentRegion = en;
			hasScannedForEncodings = 0;
			knownRegions = (
				en,
				Base,
			);
			mainGroup = 47D6AD722380314D00980995;
			productRefGroup = 47D6AD7C2380314D00980995 /* Products */;
			projectDirPath = "";
			projectRoot = "";
			targets = (
				47D6AD7A2380314D00980995 /* SwiftUIDataTransfer */,
			);
		};
/* End PBXProject section */

/* Begin PBXResourcesBuildPhase section */
		47D6AD792380314D00980995 /* Resources */ = {
			isa = PBXResourcesBuildPhase;
			buildActionMask = 2147483647;
			files = (
				47D6AD8B2380314F00980995 /* LaunchScreen.storyboard in Resources */,
				47D6AD882380314F00980995 /* Preview Assets.xcassets in Resources */,
				47D6AD852380314F00980995 /* Assets.xcassets in Resources */,
			);
			runOnlyForDeploymentPostprocessing = 0;
		};
/* End PBXResourcesBuildPhase section */

/* Begin PBXSourcesBuildPhase section */
		47D6AD772380314D00980995 /* Sources */ = {
			isa = PBXSourcesBuildPhase;
			buildActionMask = 2147483647;
			files = (
				47D6AD7F2380314D00980995 /* AppDelegate.swift in Sources */,
				47D6AD98238047E100980995 /* VideoModel.swift in Sources */,
				47D6AD9523803B4A00980995 /* VideoView.swift in Sources */,
				47D6AD93238034D600980995 /* ChanelView.swift in Sources */,
				47D6AD812380314D00980995 /* SceneDelegate.swift in Sources */,
				47D6AD832380314D00980995 /* ContentView.swift in Sources */,
				47D6AD9A23804BB000980995 /* ChanelData.swift in Sources */,
			);
			runOnlyForDeploymentPostprocessing = 0;
		};
/* End PBXSourcesBuildPhase section */

/* Begin PBXVariantGroup section */
		47D6AD892380314F00980995 /* LaunchScreen.storyboard */ = {
			isa = PBXVariantGroup;
			children = (
				47D6AD8A2380314F00980995 /* Base */,
			);
			name = LaunchScreen.storyboard;
			sourceTree = "<group>";
		};
/* End PBXVariantGroup section */

/* Begin XCBuildConfiguration section */
		47D6AD8D2380314F00980995 /* Debug */ = {
			isa = XCBuildConfiguration;
			buildSettings = {
				ALWAYS_SEARCH_USER_PATHS = NO;
				CLANG_ANALYZER_NONNULL = YES;
				CLANG_ANALYZER_NUMBER_OBJECT_CONVERSION = YES_AGGRESSIVE;
				CLANG_CXX_LANGUAGE_STANDARD = "gnu++14";
				CLANG_CXX_LIBRARY = "libc++";
				CLANG_ENABLE_MODULES = YES;
				CLANG_ENABLE_OBJC_ARC = YES;
				CLANG_ENABLE_OBJC_WEAK = YES;
				CLANG_WARN_BLOCK_CAPTURE_AUTORELEASING = YES;
				CLANG_WARN_BOOL_CONVERSION = YES;
				CLANG_WARN_COMMA = YES;
				CLANG_WARN_CONSTANT_CONVERSION = YES;
				CLANG_WARN_DEPRECATED_OBJC_IMPLEMENTATIONS = YES;
				CLANG_WARN_DIRECT_OBJC_ISA_USAGE = YES_ERROR;
				CLANG_WARN_DOCUMENTATION_COMMENTS = YES;
				CLANG_WARN_EMPTY_BODY = YES;
				CLANG_WARN_ENUM_CONVERSION = YES;
				CLANG_WARN_INFINITE_RECURSION = YES;
				CLANG_WARN_INT_CONVERSION = YES;
				CLANG_WARN_NON_LITERAL_NULL_CONVERSION = YES;
				CLANG_WARN_OBJC_IMPLICIT_RETAIN_SELF = YES;
				CLANG_WARN_OBJC_LITERAL_CONVERSION = YES;
				CLANG_WARN_OBJC_ROOT_CLASS = YES_ERROR;
				CLANG_WARN_RANGE_LOOP_ANALYSIS = YES;
				CLANG_WARN_STRICT_PROTOTYPES = YES;
				CLANG_WARN_SUSPICIOUS_MOVE = YES;
				CLANG_WARN_UNGUARDED_AVAILABILITY = YES_AGGRESSIVE;
				CLANG_WARN_UNREACHABLE_CODE = YES;
				CLANG_WARN__DUPLICATE_METHOD_MATCH = YES;
				COPY_PHASE_STRIP = NO;
				DEBUG_INFORMATION_FORMAT = dwarf;
				ENABLE_STRICT_OBJC_MSGSEND = YES;
				ENABLE_TESTABILITY = YES;
				GCC_C_LANGUAGE_STANDARD = gnu11;
				GCC_DYNAMIC_NO_PIC = NO;
				GCC_NO_COMMON_BLOCKS = YES;
				GCC_OPTIMIZATION_LEVEL = 0;
				GCC_PREPROCESSOR_DEFINITIONS = (
					"DEBUG=1",
					"$(inherited)",
				);
				GCC_WARN_64_TO_32_BIT_CONVERSION = YES;
				GCC_WARN_ABOUT_RETURN_TYPE = YES_ERROR;
				GCC_WARN_UNDECLARED_SELECTOR = YES;
				GCC_WARN_UNINITIALIZED_AUTOS = YES_AGGRESSIVE;
				GCC_WARN_UNUSED_FUNCTION = YES;
				GCC_WARN_UNUSED_VARIABLE = YES;
				IPHONEOS_DEPLOYMENT_TARGET = 13.2;
				MTL_ENABLE_DEBUG_INFO = INCLUDE_SOURCE;
				MTL_FAST_MATH = YES;
				ONLY_ACTIVE_ARCH = YES;
				SDKROOT = iphoneos;
				SWIFT_ACTIVE_COMPILATION_CONDITIONS = DEBUG;
				SWIFT_OPTIMIZATION_LEVEL = "-Onone";
			};
			name = Debug;
		};
		47D6AD8E2380314F00980995 /* Release */ = {
			isa = XCBuildConfiguration;
			buildSettings = {
				ALWAYS_SEARCH_USER_PATHS = NO;
				CLANG_ANALYZER_NONNULL = YES;
				CLANG_ANALYZER_NUMBER_OBJECT_CONVERSION = YES_AGGRESSIVE;
				CLANG_CXX_LANGUAGE_STANDARD = "gnu++14";
				CLANG_CXX_LIBRARY = "libc++";
				CLANG_ENABLE_MODULES = YES;
				CLANG_ENABLE_OBJC_ARC = YES;
				CLANG_ENABLE_OBJC_WEAK = YES;
				CLANG_WARN_BLOCK_CAPTURE_AUTORELEASING = YES;
				CLANG_WARN_BOOL_CONVERSION = YES;
				CLANG_WARN_COMMA = YES;
				CLANG_WARN_CONSTANT_CONVERSION = YES;
				CLANG_WARN_DEPRECATED_OBJC_IMPLEMENTATIONS = YES;
				CLANG_WARN_DIRECT_OBJC_ISA_USAGE = YES_ERROR;
				CLANG_WARN_DOCUMENTATION_COMMENTS = YES;
				CLANG_WARN_EMPTY_BODY = YES;
				CLANG_WARN_ENUM_CONVERSION = YES;
				CLANG_WARN_INFINITE_RECURSION = YES;
				CLANG_WARN_INT_CONVERSION = YES;
				CLANG_WARN_NON_LITERAL_NULL_CONVERSION = YES;
				CLANG_WARN_OBJC_IMPLICIT_RETAIN_SELF = YES;
				CLANG_WARN_OBJC_LITERAL_CONVERSION = YES;
				CLANG_WARN_OBJC_ROOT_CLASS = YES_ERROR;
				CLANG_WARN_RANGE_LOOP_ANALYSIS = YES;
				CLANG_WARN_STRICT_PROTOTYPES = YES;
				CLANG_WARN_SUSPICIOUS_MOVE = YES;
				CLANG_WARN_UNGUARDED_AVAILABILITY = YES_AGGRESSIVE;
				CLANG_WARN_UNREACHABLE_CODE = YES;
				CLANG_WARN__DUPLICATE_METHOD_MATCH = YES;
				COPY_PHASE_STRIP = NO;
				DEBUG_INFORMATION_FORMAT = "dwarf-with-dsym";
				ENABLE_NS_ASSERTIONS = NO;
				ENABLE_STRICT_OBJC_MSGSEND = YES;
				GCC_C_LANGUAGE_STANDARD = gnu11;
				GCC_NO_COMMON_BLOCKS = YES;
				GCC_WARN_64_TO_32_BIT_CONVERSION = YES;
				GCC_WARN_ABOUT_RETURN_TYPE = YES_ERROR;
				GCC_WARN_UNDECLARED_SELECTOR = YES;
				GCC_WARN_UNINITIALIZED_AUTOS = YES_AGGRESSIVE;
				GCC_WARN_UNUSED_FUNCTION = YES;
				GCC_WARN_UNUSED_VARIABLE = YES;
				IPHONEOS_DEPLOYMENT_TARGET = 13.2;
				MTL_ENABLE_DEBUG_INFO = NO;
				MTL_FAST_MATH = YES;
				SDKROOT = iphoneos;
				SWIFT_COMPILATION_MODE = wholemodule;
				SWIFT_OPTIMIZATION_LEVEL = "-O";
				VALIDATE_PRODUCT = YES;
			};
			name = Release;
		};
		47D6AD902380314F00980995 /* Debug */ = {
			isa = XCBuildConfiguration;
			buildSettings = {
				ASSETCATALOG_COMPILER_APPICON_NAME = AppIcon;
				CODE_SIGN_STYLE = Automatic;
				DEVELOPMENT_ASSET_PATHS = "\"SwiftUIDataTransfer/Preview Content\"";
				DEVELOPMENT_TEAM = Z67C29K2Q6;
				ENABLE_PREVIEWS = YES;
				INFOPLIST_FILE = SwiftUIDataTransfer/Info.plist;
				LD_RUNPATH_SEARCH_PATHS = (
					"$(inherited)",
					"@executable_path/Frameworks",
				);
				PRODUCT_BUNDLE_IDENTIFIER = PB.SwiftUIDataTransfer;
				PRODUCT_NAME = "$(TARGET_NAME)";
				SWIFT_VERSION = 5.0;
				TARGETED_DEVICE_FAMILY = "1,2";
			};
			name = Debug;
		};
		47D6AD912380314F00980995 /* Release */ = {
			isa = XCBuildConfiguration;
			buildSettings = {
				ASSETCATALOG_COMPILER_APPICON_NAME = AppIcon;
				CODE_SIGN_STYLE = Automatic;
				DEVELOPMENT_ASSET_PATHS = "\"SwiftUIDataTransfer/Preview Content\"";
				DEVELOPMENT_TEAM = Z67C29K2Q6;
				ENABLE_PREVIEWS = YES;
				INFOPLIST_FILE = SwiftUIDataTransfer/Info.plist;
				LD_RUNPATH_SEARCH_PATHS = (
					"$(inherited)",
					"@executable_path/Frameworks",
				);
				PRODUCT_BUNDLE_IDENTIFIER = PB.SwiftUIDataTransfer;
				PRODUCT_NAME = "$(TARGET_NAME)";
				SWIFT_VERSION = 5.0;
				TARGETED_DEVICE_FAMILY = "1,2";
			};
			name = Release;
		};
/* End XCBuildConfiguration section */

/* Begin XCConfigurationList section */
		47D6AD762380314D00980995 /* Build configuration list for PBXProject "SwiftUIDataTransfer" */ = {
			isa = XCConfigurationList;
			buildConfigurations = (
				47D6AD8D2380314F00980995 /* Debug */,
				47D6AD8E2380314F00980995 /* Release */,
			);
			defaultConfigurationIsVisible = 0;
			defaultConfigurationName = Release;
		};
		47D6AD8F2380314F00980995 /* Build configuration list for PBXNativeTarget "SwiftUIDataTransfer" */ = {
			isa = XCConfigurationList;
			buildConfigurations = (
				47D6AD902380314F00980995 /* Debug */,
				47D6AD912380314F00980995 /* Release */,
			);
			defaultConfigurationIsVisible = 0;
			defaultConfigurationName = Release;
		};
/* End XCConfigurationList section */
	};
	rootObject = 47D6AD732380314D00980995 /* Project object */;
}
